# This file is autogenerated, do not edit; changes may be undone by the next 'dep ensure'.


[[projects]]
  digest = "1:8eb1de8112c9924d59bf1d3e5c26f5eaa2bfc2a5fcbb92dc1c2e4546d695f277"
  name = "github.com/imdario/mergo"
  packages = ["."]
  pruneopts = "UT"
  revision = "9f23e2d6bd2a77f959b2bf6acdbefd708a83a4a4"
  version = "v0.3.6"

[solve-meta]
  analyzer-name = "dep"
  analyzer-version = 1
  input-imports = ["github.com/imdario/mergo"]
  solver-name = "gps-cdcl"
  solver-version = 1
